
Microsoft Visual Studio Solution File, Format Version 11.00
# Visual Studio 2010
Project("{FAE04EC0-301F-11D3-BF4B-00C04F79EFBC}") = "gtsvn", "gtsvn.csproj", "{C29A1500-032B-4B29-8F3D-588A41EC2729}"
EndProject
Global
	GlobalSection(SolutionConfigurationPlatforms) = preSolution
		Debug|Any CPU = Debug|Any CPU
		Release|Any CPU = Release|Any CPU
	EndGlobalSection
	GlobalSection(ProjectConfigurationPlatforms) = postSolution
		{C29A1500-032B-4B29-8F3D-588A41EC2729}.Debug|Any CPU.ActiveCfg = Debug|Any CPU
		{C29A1500-032B-4B29-8F3D-588A41EC2729}.Debug|Any CPU.Build.0 = Debug|Any CPU
		{C29A1500-032B-4B29-8F3D-588A41EC2729}.Release|Any CPU.ActiveCfg = Release|Any CPU
		{C29A1500-032B-4B29-8F3D-588A41EC2729}.Release|Any CPU.Build.0 = Release|Any CPU
	EndGlobalSection
	GlobalSection(SolutionProperties) = preSolution
		HideSolutionNode = FALSE
	EndGlobalSection
EndGlobal
